
Microsoft Visual Studio Solution File, Format Version 12.00
# Visual Studio Version 16
VisualStudioVersion = 16.0.29728.190
MinimumVisualStudioVersion = 10.0.40219.1
Project("{FAE04EC0-301F-11D3-BF4B-00C04F79EFBC}") = "Localization", "Localization\Localization.csproj", "{1C58B86A-5301-4046-A64F-15A4F6B4771E}"
EndProject
Global
	GlobalSection(SolutionConfigurationPlatforms) = preSolution
		Debug|Any CPU = Debug|Any CPU
		Release|Any CPU = Release|Any CPU
	EndGlobalSection
	GlobalSection(ProjectConfigurationPlatforms) = postSolution
		{1C58B86A-5301-4046-A64F-15A4F6B4771E}.Debug|Any CPU.ActiveCfg = Debug|Any CPU
		{1C58B86A-5301-4046-A64F-15A4F6B4771E}.Debug|Any CPU.Build.0 = Debug|Any CPU
		{1C58B86A-5301-4046-A64F-15A4F6B4771E}.Release|Any CPU.ActiveCfg = Release|Any CPU
		{1C58B86A-5301-4046-A64F-15A4F6B4771E}.Release|Any CPU.Build.0 = Release|Any CPU
	EndGlobalSection
	GlobalSection(SolutionProperties) = preSolution
		HideSolutionNode = FALSE
	EndGlobalSection
	GlobalSection(ExtensibilityGlobals) = postSolution
		SolutionGuid = {62FC61AC-9FFD-48EB-966D-E8CD9923D427}
	EndGlobalSection
EndGlobal
